{
  "name": "newton",
  "lockfileVersion": 2,
  "requires": true,
  "packages": {
    "": {
      "dependencies": {
        "@deriv/deriv-api": "^1.0.12",
        "ws": "^8.13.0"
      },
      "optionalDependencies": {
        "bufferutil": "^4.0.7",
        "utf-8-validate": "^6.0.3"
      }
    },
    "node_modules/@deriv/deriv-api": {
      "version": "1.0.12",
      "resolved": "https://registry.npmjs.org/@deriv/deriv-api/-/deriv-api-1.0.12.tgz",
      "integrity": "sha512-3/ZgSr1Uai1GS+E7j067JiHfERYhp1fctd/lUbTovW2T91xBEN6DsaiDZ/9tHwKxW65SY39Z8vl96u5+NUrLwQ==",
      "dependencies": {
        "dayjs": "^1.8.15",
        "json-stable-stringify": "^1.0.1",
        "rxjs": "^6.5.2"
      }
    },
    "node_modules/bufferutil": {
      "version": "4.0.7",
      "resolved": "https://registry.npmjs.org/bufferutil/-/bufferutil-4.0.7.tgz",
      "integrity": "sha512-kukuqc39WOHtdxtw4UScxF/WVnMFVSQVKhtx3AjZJzhd0RGZZldcrfSEbVsWWe6KNH253574cq5F+wpv0G9pJw==",
      "hasInstallScript": true,
      "optional": true,
      "dependencies": {
        "node-gyp-build": "^4.3.0"
      },
      "engines": {
        "node": ">=6.14.2"
      }
    },
    "node_modules/dayjs": {
      "version": "1.11.8",
      "resolved": "https://registry.npmjs.org/dayjs/-/dayjs-1.11.8.tgz",
      "integrity": "sha512-LcgxzFoWMEPO7ggRv1Y2N31hUf2R0Vj7fuy/m+Bg1K8rr+KAs1AEy4y9jd5DXe8pbHgX+srkHNS7TH6Q6ZhYeQ=="
    },
    "node_modules/json-stable-stringify": {
      "version": "1.0.2",
      "resolved": "https://registry.npmjs.org/json-stable-stringify/-/json-stable-stringify-1.0.2.tgz",
      "integrity": "sha512-eunSSaEnxV12z+Z73y/j5N37/In40GK4GmsSy+tEHJMxknvqnA7/djeYtAgW0GsWHUfg+847WJjKaEylk2y09g==",
      "dependencies": {
        "jsonify": "^0.0.1"
      },
      "funding": {
        "url": "https://github.com/sponsors/ljharb"
      }
    },
    "node_modules/jsonify": {
      "version": "0.0.1",
      "resolved": "https://registry.npmjs.org/jsonify/-/jsonify-0.0.1.tgz",
      "integrity": "sha512-2/Ki0GcmuqSrgFyelQq9M05y7PS0mEwuIzrf3f1fPqkVDVRvZrPZtVSMHxdgo8Aq0sxAOb/cr2aqqA3LeWHVPg==",
      "funding": {
        "url": "https://github.com/sponsors/ljharb"
      }
    },
    "node_modules/node-gyp-build": {
      "version": "4.6.0",
      "resolved": "https://registry.npmjs.org/node-gyp-build/-/node-gyp-build-4.6.0.tgz",
      "integrity": "sha512-NTZVKn9IylLwUzaKjkas1e4u2DLNcV4rdYagA4PWdPwW87Bi7z+BznyKSRwS/761tV/lzCGXplWsiaMjLqP2zQ==",
      "optional": true,
      "bin": {
        "node-gyp-build": "bin.js",
        "node-gyp-build-optional": "optional.js",
        "node-gyp-build-test": "build-test.js"
      }
    },
    "node_modules/rxjs": {
      "version": "6.6.7",
      "resolved": "https://registry.npmjs.org/rxjs/-/rxjs-6.6.7.tgz",
      "integrity": "sha512-hTdwr+7yYNIT5n4AMYp85KA6yw2Va0FLa3Rguvbpa4W3I5xynaBZo41cM3XM+4Q6fRMj3sBYIR1VAmZMXYJvRQ==",
      "dependencies": {
        "tslib": "^1.9.0"
      },
      "engines": {
        "npm": ">=2.0.0"
      }
    },
    "node_modules/tslib": {
      "version": "1.14.1",
      "resolved": "https://registry.npmjs.org/tslib/-/tslib-1.14.1.tgz",
      "integrity": "sha512-Xni35NKzjgMrwevysHTCArtLDpPvye8zV/0E4EyYn43P7/7qvQwPh9BGkHewbMulVntbigmcT7rdX3BNo9wRJg=="
    },
    "node_modules/utf-8-validate": {
      "version": "6.0.3",
      "resolved": "https://registry.npmjs.org/utf-8-validate/-/utf-8-validate-6.0.3.tgz",
      "integrity": "sha512-uIuGf9TWQ/y+0Lp+KGZCMuJWc3N9BHA+l/UmHd/oUHwJJDeysyTRxNQVkbzsIWfGFbRe3OcgML/i0mvVRPOyDA==",
      "hasInstallScript": true,
      "optional": true,
      "dependencies": {
        "node-gyp-build": "^4.3.0"
      },
      "engines": {
        "node": ">=6.14.2"
      }
    },
    "node_modules/ws": {
      "version": "8.13.0",
      "resolved": "https://registry.npmjs.org/ws/-/ws-8.13.0.tgz",
      "integrity": "sha512-x9vcZYTrFPC7aSIbj7sRCYo7L/Xb8Iy+pW0ng0wt2vCJv7M9HOMy0UoN3rr+IFC7hb7vXoqS+P9ktyLLLhO+LA==",
      "engines": {
        "node": ">=10.0.0"
      },
      "peerDependencies": {
        "bufferutil": "^4.0.1",
        "utf-8-validate": ">=5.0.2"
      },
      "peerDependenciesMeta": {
        "bufferutil": {
          "optional": true
        },
        "utf-8-validate": {
          "optional": true
        }
      }
    }
  },
  "dependencies": {
    "@deriv/deriv-api": {
      "version": "1.0.12",
      "resolved": "https://registry.npmjs.org/@deriv/deriv-api/-/deriv-api-1.0.12.tgz",
      "integrity": "sha512-3/ZgSr1Uai1GS+E7j067JiHfERYhp1fctd/lUbTovW2T91xBEN6DsaiDZ/9tHwKxW65SY39Z8vl96u5+NUrLwQ==",
      "requires": {
        "dayjs": "^1.8.15",
        "json-stable-stringify": "^1.0.1",
        "rxjs": "^6.5.2"
      }
    },
    "bufferutil": {
      "version": "4.0.7",
      "resolved": "https://registry.npmjs.org/bufferutil/-/bufferutil-4.0.7.tgz",
      "integrity": "sha512-kukuqc39WOHtdxtw4UScxF/WVnMFVSQVKhtx3AjZJzhd0RGZZldcrfSEbVsWWe6KNH253574cq5F+wpv0G9pJw==",
      "optional": true,
      "requires": {
        "node-gyp-build": "^4.3.0"
      }
    },
    "dayjs": {
      "version": "1.11.8",
      "resolved": "https://registry.npmjs.org/dayjs/-/dayjs-1.11.8.tgz",
      "integrity": "sha512-LcgxzFoWMEPO7ggRv1Y2N31hUf2R0Vj7fuy/m+Bg1K8rr+KAs1AEy4y9jd5DXe8pbHgX+srkHNS7TH6Q6ZhYeQ=="
    },
    "json-stable-stringify": {
      "version": "1.0.2",
      "resolved": "https://registry.npmjs.org/json-stable-stringify/-/json-stable-stringify-1.0.2.tgz",
      "integrity": "sha512-eunSSaEnxV12z+Z73y/j5N37/In40GK4GmsSy+tEHJMxknvqnA7/djeYtAgW0GsWHUfg+847WJjKaEylk2y09g==",
      "requires": {
        "jsonify": "^0.0.1"
      }
    },
    "jsonify": {
      "version": "0.0.1",
      "resolved": "https://registry.npmjs.org/jsonify/-/jsonify-0.0.1.tgz",
      "integrity": "sha512-2/Ki0GcmuqSrgFyelQq9M05y7PS0mEwuIzrf3f1fPqkVDVRvZrPZtVSMHxdgo8Aq0sxAOb/cr2aqqA3LeWHVPg=="
    },
    "node-gyp-build": {
      "version": "4.6.0",
      "resolved": "https://registry.npmjs.org/node-gyp-build/-/node-gyp-build-4.6.0.tgz",
      "integrity": "sha512-NTZVKn9IylLwUzaKjkas1e4u2DLNcV4rdYagA4PWdPwW87Bi7z+BznyKSRwS/761tV/lzCGXplWsiaMjLqP2zQ==",
      "optional": true
    },
    "rxjs": {
      "version": "6.6.7",
      "resolved": "https://registry.npmjs.org/rxjs/-/rxjs-6.6.7.tgz",
      "integrity": "sha512-hTdwr+7yYNIT5n4AMYp85KA6yw2Va0FLa3Rguvbpa4W3I5xynaBZo41cM3XM+4Q6fRMj3sBYIR1VAmZMXYJvRQ==",
      "requires": {
        "tslib": "^1.9.0"
      }
    },
    "tslib": {
      "version": "1.14.1",
      "resolved": "https://registry.npmjs.org/tslib/-/tslib-1.14.1.tgz",
      "integrity": "sha512-Xni35NKzjgMrwevysHTCArtLDpPvye8zV/0E4EyYn43P7/7qvQwPh9BGkHewbMulVntbigmcT7rdX3BNo9wRJg=="
    },
    "utf-8-validate": {
      "version": "6.0.3",
      "resolved": "https://registry.npmjs.org/utf-8-validate/-/utf-8-validate-6.0.3.tgz",
      "integrity": "sha512-uIuGf9TWQ/y+0Lp+KGZCMuJWc3N9BHA+l/UmHd/oUHwJJDeysyTRxNQVkbzsIWfGFbRe3OcgML/i0mvVRPOyDA==",
      "optional": true,
      "requires": {
        "node-gyp-build": "^4.3.0"
      }
    },
    "ws": {
      "version": "8.13.0",
      "resolved": "https://registry.npmjs.org/ws/-/ws-8.13.0.tgz",
      "integrity": "sha512-x9vcZYTrFPC7aSIbj7sRCYo7L/Xb8Iy+pW0ng0wt2vCJv7M9HOMy0UoN3rr+IFC7hb7vXoqS+P9ktyLLLhO+LA==",
      "requires": {}
    }
  }
}
